<?xml version="1.0" encoding="utf-8"?>
<Project ToolsVersion="4.0" xmlns="http://schemas.microsoft.com/developer/msbuild/2003">
  <ItemGroup>
    <Filter Include="소스 파일">
      <UniqueIdentifier>{4FC737F1-C7A5-4376-A066-2A32D752A2FF}</UniqueIdentifier>
      <Extensions>cpp;c;cc;cxx;c++;cppm;ixx;def;odl;idl;hpj;bat;asm;asmx</Extensions>
    </Filter>
    <Filter Include="헤더 파일">
      <UniqueIdentifier>{93995380-89BD-4b04-88EB-625FBE52EBFB}</UniqueIdentifier>
      <Extensions>h;hh;hpp;hxx;h++;hm;inl;inc;ipp;xsd</Extensions>
    </Filter>
    <Filter Include="리소스 파일">
      <UniqueIdentifier>{67DA6AB6-F800-4c08-8B7A-83BB121AAD01}</UniqueIdentifier>
      <Extensions>rc;ico;cur;bmp;dlg;rc2;rct;bin;rgs;gif;jpg;jpeg;jpe;resx;tiff;tif;png;wav;mfcribbon-ms</Extensions>
    </Filter>
    <Filter Include="소스 파일\Bullet">
      <UniqueIdentifier>{33295853-b87e-445d-b3c3-fac955b10b74}</UniqueIdentifier>
    </Filter>
    <Filter Include="소스 파일\Enemy">
      <UniqueIdentifier>{55e8a681-2486-4d43-bfa0-6194009d89ea}</UniqueIdentifier>
    </Filter>
    <Filter Include="소스 파일\Player">
      <UniqueIdentifier>{6cd87d4d-1f5e-4cb6-90b5-ef3e2f5ea59e}</UniqueIdentifier>
    </Filter>
    <Filter Include="소스 파일\Temp">
      <UniqueIdentifier>{68b62c11-525a-4001-bb22-a25401c2f216}</UniqueIdentifier>
    </Filter>
    <Filter Include="소스 파일\Missile">
      <UniqueIdentifier>{a9b43c12-e97e-4af0-89c8-4ff8a40f361e}</UniqueIdentifier>
    </Filter>
  </ItemGroup>
  <ItemGroup>
    <ClCompile Include="main.cpp">
      <Filter>소스 파일</Filter>
    </ClCompile>
    <ClCompile Include="Bullet.cpp">
      <Filter>소스 파일\Bullet</Filter>
    </ClCompile>
    <ClCompile Include="Enemy.cpp">
      <Filter>소스 파일\Enemy</Filter>
    </ClCompile>
    <ClCompile Include="Player.cpp">
      <Filter>소스 파일\Player</Filter>
    </ClCompile>
    <ClCompile Include="DeviceCtl.cpp">
      <Filter>소스 파일\Temp</Filter>
    </ClCompile>
    <ClCompile Include="GLOBAL.cpp">
      <Filter>소스 파일\Temp</Filter>
    </ClCompile>
    <ClCompile Include="Missile.cpp">
      <Filter>소스 파일\Missile</Filter>
    </ClCompile>
  </ItemGroup>
  <ItemGroup>
    <ClInclude Include="Bullet.h">
      <Filter>소스 파일\Bullet</Filter>
    </ClInclude>
    <ClInclude Include="Enemy.h">
      <Filter>소스 파일\Enemy</Filter>
    </ClInclude>
    <ClInclude Include="Player.h">
      <Filter>소스 파일\Player</Filter>
    </ClInclude>
    <ClInclude Include="DeviceCtl.h">
      <Filter>소스 파일\Temp</Filter>
    </ClInclude>
    <ClInclude Include="GLOBAL.h">
      <Filter>소스 파일</Filter>
    </ClInclude>
    <ClInclude Include="Missile.h">
      <Filter>소스 파일\Missile</Filter>
    </ClInclude>
  </ItemGroup>
</Project>